
Microsoft Visual Studio Solution File, Format Version 12.00
# Visual Studio Version 17
VisualStudioVersion = 17.5.33424.131
MinimumVisualStudioVersion = 10.0.40219.1
Project("{888888A0-9F3D-457C-B088-3A5042F75D52}") = "TkinterGUI_2023-04-05", "TkinterGUI_2023-04-05.pyproj", "{B83796B2-B57B-480C-8C41-6B71B645B59F}"
EndProject
Global
	GlobalSection(SolutionConfigurationPlatforms) = preSolution
		Debug|Any CPU = Debug|Any CPU
		Release|Any CPU = Release|Any CPU
	EndGlobalSection
	GlobalSection(ProjectConfigurationPlatforms) = postSolution
		{B83796B2-B57B-480C-8C41-6B71B645B59F}.Debug|Any CPU.ActiveCfg = Debug|Any CPU
		{B83796B2-B57B-480C-8C41-6B71B645B59F}.Release|Any CPU.ActiveCfg = Release|Any CPU
	EndGlobalSection
	GlobalSection(SolutionProperties) = preSolution
		HideSolutionNode = FALSE
	EndGlobalSection
	GlobalSection(ExtensibilityGlobals) = postSolution
		SolutionGuid = {5D0BDCF5-0947-4750-ABE0-DCCFC3F5784F}
	EndGlobalSection
EndGlobal
